
Microsoft Visual Studio Solution File, Format Version 12.00
# Visual Studio Version 17
VisualStudioVersion = 17.0.31912.275
MinimumVisualStudioVersion = 10.0.40219.1
Project("{FAE04EC0-301F-11D3-BF4B-00C04F79EFBC}") = "PublishEventsCustomTopic", "PublishEventsCustomTopic\PublishEventsCustomTopic.csproj", "{AAA302E7-8928-4274-B061-39E0EF5CDC2C}"
EndProject
Global
	GlobalSection(SolutionConfigurationPlatforms) = preSolution
		Debug|Any CPU = Debug|Any CPU
		Release|Any CPU = Release|Any CPU
	EndGlobalSection
	GlobalSection(ProjectConfigurationPlatforms) = postSolution
		{AAA302E7-8928-4274-B061-39E0EF5CDC2C}.Debug|Any CPU.ActiveCfg = Debug|Any CPU
		{AAA302E7-8928-4274-B061-39E0EF5CDC2C}.Debug|Any CPU.Build.0 = Debug|Any CPU
		{AAA302E7-8928-4274-B061-39E0EF5CDC2C}.Release|Any CPU.ActiveCfg = Release|Any CPU
		{AAA302E7-8928-4274-B061-39E0EF5CDC2C}.Release|Any CPU.Build.0 = Release|Any CPU
	EndGlobalSection
	GlobalSection(SolutionProperties) = preSolution
		HideSolutionNode = FALSE
	EndGlobalSection
	GlobalSection(ExtensibilityGlobals) = postSolution
		SolutionGuid = {0D11F325-7373-4D59-9591-F6D6581AA337}
	EndGlobalSection
EndGlobal
