
Microsoft Visual Studio Solution File, Format Version 12.00
# Visual Studio Version 16
VisualStudioVersion = 25.0.1703.0
MinimumVisualStudioVersion = 10.0.40219.1
Project("{FAE04EC0-301F-11D3-BF4B-00C04F79EFBC}") = "ServiceBusMessageProccesor", "ServiceBusMessageProccesor\ServiceBusMessageProccesor.csproj", "{98B37141-473A-4902-ADCB-02D675819CCB}"
EndProject
Global
	GlobalSection(SolutionConfigurationPlatforms) = preSolution
		Debug|Any CPU = Debug|Any CPU
		Release|Any CPU = Release|Any CPU
	EndGlobalSection
	GlobalSection(ProjectConfigurationPlatforms) = postSolution
		{98B37141-473A-4902-ADCB-02D675819CCB}.Debug|Any CPU.ActiveCfg = Debug|Any CPU
		{98B37141-473A-4902-ADCB-02D675819CCB}.Debug|Any CPU.Build.0 = Debug|Any CPU
		{98B37141-473A-4902-ADCB-02D675819CCB}.Release|Any CPU.ActiveCfg = Release|Any CPU
		{98B37141-473A-4902-ADCB-02D675819CCB}.Release|Any CPU.Build.0 = Release|Any CPU
	EndGlobalSection
	GlobalSection(SolutionProperties) = preSolution
		HideSolutionNode = FALSE
	EndGlobalSection
	GlobalSection(ExtensibilityGlobals) = postSolution
		SolutionGuid = {BEA8B453-F5B8-4BB9-8E32-8F8E7E873599}
	EndGlobalSection
EndGlobal
