
Microsoft Visual Studio Solution File, Format Version 12.00
# Visual Studio Version 16
VisualStudioVersion = 25.0.1703.0
MinimumVisualStudioVersion = 10.0.40219.1
Project("{FAE04EC0-301F-11D3-BF4B-00C04F79EFBC}") = "CosmosDB", "CosmosDB\CosmosDB.csproj", "{03C53D3C-866B-48AC-982A-71F31B33391E}"
EndProject
Global
	GlobalSection(SolutionConfigurationPlatforms) = preSolution
		Debug|Any CPU = Debug|Any CPU
		Release|Any CPU = Release|Any CPU
	EndGlobalSection
	GlobalSection(ProjectConfigurationPlatforms) = postSolution
		{03C53D3C-866B-48AC-982A-71F31B33391E}.Debug|Any CPU.ActiveCfg = Debug|Any CPU
		{03C53D3C-866B-48AC-982A-71F31B33391E}.Debug|Any CPU.Build.0 = Debug|Any CPU
		{03C53D3C-866B-48AC-982A-71F31B33391E}.Release|Any CPU.ActiveCfg = Release|Any CPU
		{03C53D3C-866B-48AC-982A-71F31B33391E}.Release|Any CPU.Build.0 = Release|Any CPU
	EndGlobalSection
	GlobalSection(SolutionProperties) = preSolution
		HideSolutionNode = FALSE
	EndGlobalSection
	GlobalSection(ExtensibilityGlobals) = postSolution
		SolutionGuid = {476D4E48-5322-4557-B2EB-B4EE21105565}
	EndGlobalSection
EndGlobal
