
Microsoft Visual Studio Solution File, Format Version 12.00
# Visual Studio Version 16
VisualStudioVersion = 25.0.1703.0
MinimumVisualStudioVersion = 10.0.40219.1
Project("{FAE04EC0-301F-11D3-BF4B-00C04F79EFBC}") = "QueueFunction", "QueueFunction\QueueFunction.csproj", "{79FFA6B5-92F4-4BEB-8DDA-586B84A1C45B}"
EndProject
Global
	GlobalSection(SolutionConfigurationPlatforms) = preSolution
		Debug|Any CPU = Debug|Any CPU
		Release|Any CPU = Release|Any CPU
	EndGlobalSection
	GlobalSection(ProjectConfigurationPlatforms) = postSolution
		{79FFA6B5-92F4-4BEB-8DDA-586B84A1C45B}.Debug|Any CPU.ActiveCfg = Debug|Any CPU
		{79FFA6B5-92F4-4BEB-8DDA-586B84A1C45B}.Debug|Any CPU.Build.0 = Debug|Any CPU
		{79FFA6B5-92F4-4BEB-8DDA-586B84A1C45B}.Release|Any CPU.ActiveCfg = Release|Any CPU
		{79FFA6B5-92F4-4BEB-8DDA-586B84A1C45B}.Release|Any CPU.Build.0 = Release|Any CPU
	EndGlobalSection
	GlobalSection(SolutionProperties) = preSolution
		HideSolutionNode = FALSE
	EndGlobalSection
	GlobalSection(ExtensibilityGlobals) = postSolution
		SolutionGuid = {6A81DF38-67CB-4B93-A709-A889D74B5A9F}
	EndGlobalSection
EndGlobal
